
Microsoft Visual Studio Solution File, Format Version 12.00
# Visual Studio Version 16
VisualStudioVersion = 16.0.29609.76
MinimumVisualStudioVersion = 10.0.40219.1
Project("{FAE04EC0-301F-11D3-BF4B-00C04F79EFBC}") = "SuperTool", "src\SuperTool\SuperTool.csproj", "{EF3B7EBB-25F2-47C8-B20E-102E3869531D}"
EndProject
Global
	GlobalSection(SolutionConfigurationPlatforms) = preSolution
		Debug|Any CPU = Debug|Any CPU
		Release|Any CPU = Release|Any CPU
	EndGlobalSection
	GlobalSection(ProjectConfigurationPlatforms) = postSolution
		{EF3B7EBB-25F2-47C8-B20E-102E3869531D}.Debug|Any CPU.ActiveCfg = Debug|Any CPU
		{EF3B7EBB-25F2-47C8-B20E-102E3869531D}.Debug|Any CPU.Build.0 = Debug|Any CPU
		{EF3B7EBB-25F2-47C8-B20E-102E3869531D}.Release|Any CPU.ActiveCfg = Release|Any CPU
		{EF3B7EBB-25F2-47C8-B20E-102E3869531D}.Release|Any CPU.Build.0 = Release|Any CPU
	EndGlobalSection
	GlobalSection(SolutionProperties) = preSolution
		HideSolutionNode = FALSE
	EndGlobalSection
	GlobalSection(ExtensibilityGlobals) = postSolution
		SolutionGuid = {6B3CCC38-396C-4A46-8937-0278FB19F208}
	EndGlobalSection
EndGlobal
